// !$*UTF8*$!
{
	archiveVersion = 1;
	classes = {
	};
	objectVersion = 51;
	objects = {

/* Begin PBXBuildFile section */
		8C2F99A1236E645E00777492 /* RegisterViewController.swift in Sources */ = {isa = PBXBuildFile; fileRef = 8C2F99A0236E645E00777492 /* RegisterViewController.swift */; };
		8C2F99A3236E647200777492 /* LoginViewController.swift in Sources */ = {isa = PBXBuildFile; fileRef = 8C2F99A2236E647200777492 /* LoginViewController.swift */; };
		8C2F99A6236E6CC800777492 /* HomeViewController.swift in Sources */ = {isa = PBXBuildFile; fileRef = 8C2F99A5236E6CC800777492 /* HomeViewController.swift */; };
		8CC76714236E8CED00787DC2 /* old.png in Resources */ = {isa = PBXBuildFile; fileRef = 8CC76713236E8CED00787DC2 /* old.png */; };
		8CC76718236E900800787DC2 /* icon.png in Resources */ = {isa = PBXBuildFile; fileRef = 8CC76717236E900800787DC2 /* icon.png */; };
		8CC7671B236EACE000787DC2 /* Constants.swift in Sources */ = {isa = PBXBuildFile; fileRef = 8CC7671A236EACDF00787DC2 /* Constants.swift */; };
		8CC7671D236EB5B200787DC2 /* background.jpg in Resources */ = {isa = PBXBuildFile; fileRef = 8CC7671C236EB5B100787DC2 /* background.jpg */; };
		8CE0DF21236E3908007ED103 /* AppDelegate.swift in Sources */ = {isa = PBXBuildFile; fileRef = 8CE0DF20236E3908007ED103 /* AppDelegate.swift */; };
		8CE0DF23236E3908007ED103 /* SceneDelegate.swift in Sources */ = {isa = PBXBuildFile; fileRef = 8CE0DF22236E3908007ED103 /* SceneDelegate.swift */; };
		8CE0DF25236E3908007ED103 /* ViewController.swift in Sources */ = {isa = PBXBuildFile; fileRef = 8CE0DF24236E3908007ED103 /* ViewController.swift */; };
		8CE0DF28236E3908007ED103 /* Main.storyboard in Resources */ = {isa = PBXBuildFile; fileRef = 8CE0DF26236E3908007ED103 /* Main.storyboard */; };
		8CE0DF2A236E390C007ED103 /* Assets.xcassets in Resources */ = {isa = PBXBuildFile; fileRef = 8CE0DF29236E390C007ED103 /* Assets.xcassets */; };
		8CE0DF2D236E390C007ED103 /* LaunchScreen.storyboard in Resources */ = {isa = PBXBuildFile; fileRef = 8CE0DF2B236E390C007ED103 /* LaunchScreen.storyboard */; };
		8CE0DF38236E390C007ED103 /* EldyTests.swift in Sources */ = {isa = PBXBuildFile; fileRef = 8CE0DF37236E390C007ED103 /* EldyTests.swift */; };
		8CE0DF43236E390C007ED103 /* EldyUITests.swift in Sources */ = {isa = PBXBuildFile; fileRef = 8CE0DF42236E390C007ED103 /* EldyUITests.swift */; };
		8CE0DF55236E55B6007ED103 /* GoogleService-Info.plist in Resources */ = {isa = PBXBuildFile; fileRef = 8CE0DF54236E55B6007ED103 /* GoogleService-Info.plist */; };
		D46C5097A6DEE36E35867973 /* Pods_EldyTests.framework in Frameworks */ = {isa = PBXBuildFile; fileRef = C8A1D80C3297E2F2450C00A8 /* Pods_EldyTests.framework */; };
		F3AB89487601C791B007DECE /* Pods_Eldy.framework in Frameworks */ = {isa = PBXBuildFile; fileRef = CA2DDA0AD7B2DE2FF9EA0B66 /* Pods_Eldy.framework */; };
		F4AE428EE515C57F8A24F4B1 /* Pods_Eldy_EldyUITests.framework in Frameworks */ = {isa = PBXBuildFile; fileRef = 4D54E4A83521C46F3C29E398 /* Pods_Eldy_EldyUITests.framework */; };
/* End PBXBuildFile section */

/* Begin PBXContainerItemProxy section */
		8CE0DF34236E390C007ED103 /* PBXContainerItemProxy */ = {
			isa = PBXContainerItemProxy;
			containerPortal = 8CE0DF15236E3908007ED103 /* Project object */;
			proxyType = 1;
			remoteGlobalIDString = 8CE0DF1C236E3908007ED103;
			remoteInfo = Eldy;
		};
		8CE0DF3F236E390C007ED103 /* PBXContainerItemProxy */ = {
			isa = PBXContainerItemProxy;
			containerPortal = 8CE0DF15236E3908007ED103 /* Project object */;
			proxyType = 1;
			remoteGlobalIDString = 8CE0DF1C236E3908007ED103;
			remoteInfo = Eldy;
		};
/* End PBXContainerItemProxy section */

/* Begin PBXFileReference section */
		2601283BDEC153B6B288CA78 /* Pods-EldyTests.release.xcconfig */ = {isa = PBXFileReference; includeInIndex = 1; lastKnownFileType = text.xcconfig; name = "Pods-EldyTests.release.xcconfig"; path = "Target Support Files/Pods-EldyTests/Pods-EldyTests.release.xcconfig"; sourceTree = "<group>"; };
		4D54E4A83521C46F3C29E398 /* Pods_Eldy_EldyUITests.framework */ = {isa = PBXFileReference; explicitFileType = wrapper.framework; includeInIndex = 0; path = Pods_Eldy_EldyUITests.framework; sourceTree = BUILT_PRODUCTS_DIR; };
		8C2F99A0236E645E00777492 /* RegisterViewController.swift */ = {isa = PBXFileReference; lastKnownFileType = sourcecode.swift; path = RegisterViewController.swift; sourceTree = "<group>"; };
		8C2F99A2236E647200777492 /* LoginViewController.swift */ = {isa = PBXFileReference; lastKnownFileType = sourcecode.swift; name = LoginViewController.swift; path = /Users/deegao/Desktop/Eldy/Eldy/LoginViewController.swift; sourceTree = "<absolute>"; };
		8C2F99A5236E6CC800777492 /* HomeViewController.swift */ = {isa = PBXFileReference; lastKnownFileType = sourcecode.swift; path = HomeViewController.swift; sourceTree = "<group>"; };
		8CC76713236E8CED00787DC2 /* old.png */ = {isa = PBXFileReference; lastKnownFileType = image.png; name = old.png; path = ../../../Downloads/old.png; sourceTree = "<group>"; };
		8CC76717236E900800787DC2 /* icon.png */ = {isa = PBXFileReference; lastKnownFileType = image.png; name = icon.png; path = ../../../Downloads/icon.png; sourceTree = "<group>"; };
		8CC7671A236EACDF00787DC2 /* Constants.swift */ = {isa = PBXFileReference; lastKnownFileType = sourcecode.swift; path = Constants.swift; sourceTree = "<group>"; };
		8CC7671C236EB5B100787DC2 /* background.jpg */ = {isa = PBXFileReference; lastKnownFileType = image.jpeg; name = background.jpg; path = ../../../Downloads/background.jpg; sourceTree = "<group>"; };
		8CE0DF1D236E3908007ED103 /* Eldy.app */ = {isa = PBXFileReference; explicitFileType = wrapper.application; includeInIndex = 0; path = Eldy.app; sourceTree = BUILT_PRODUCTS_DIR; };
		8CE0DF20236E3908007ED103 /* AppDelegate.swift */ = {isa = PBXFileReference; lastKnownFileType = sourcecode.swift; path = AppDelegate.swift; sourceTree = "<group>"; };
		8CE0DF22236E3908007ED103 /* SceneDelegate.swift */ = {isa = PBXFileReference; lastKnownFileType = sourcecode.swift; path = SceneDelegate.swift; sourceTree = "<group>"; };
		8CE0DF24236E3908007ED103 /* ViewController.swift */ = {isa = PBXFileReference; lastKnownFileType = sourcecode.swift; path = ViewController.swift; sourceTree = "<group>"; };
		8CE0DF27236E3908007ED103 /* Base */ = {isa = PBXFileReference; lastKnownFileType = file.storyboard; name = Base; path = Base.lproj/Main.storyboard; sourceTree = "<group>"; };
		8CE0DF29236E390C007ED103 /* Assets.xcassets */ = {isa = PBXFileReference; lastKnownFileType = folder.assetcatalog; path = Assets.xcassets; sourceTree = "<group>"; };
		8CE0DF2C236E390C007ED103 /* Base */ = {isa = PBXFileReference; lastKnownFileType = file.storyboard; name = Base; path = Base.lproj/LaunchScreen.storyboard; sourceTree = "<group>"; };
		8CE0DF2E236E390C007ED103 /* Info.plist */ = {isa = PBXFileReference; lastKnownFileType = text.plist.xml; path = Info.plist; sourceTree = "<group>"; };
		8CE0DF33236E390C007ED103 /* EldyTests.xctest */ = {isa = PBXFileReference; explicitFileType = wrapper.cfbundle; includeInIndex = 0; path = EldyTests.xctest; sourceTree = BUILT_PRODUCTS_DIR; };
		8CE0DF37236E390C007ED103 /* EldyTests.swift */ = {isa = PBXFileReference; lastKnownFileType = sourcecode.swift; path = EldyTests.swift; sourceTree = "<group>"; };
		8CE0DF39236E390C007ED103 /* Info.plist */ = {isa = PBXFileReference; lastKnownFileType = text.plist.xml; path = Info.plist; sourceTree = "<group>"; };
		8CE0DF3E236E390C007ED103 /* EldyUITests.xctest */ = {isa = PBXFileReference; explicitFileType = wrapper.cfbundle; includeInIndex = 0; path = EldyUITests.xctest; sourceTree = BUILT_PRODUCTS_DIR; };
		8CE0DF42236E390C007ED103 /* EldyUITests.swift */ = {isa = PBXFileReference; lastKnownFileType = sourcecode.swift; path = EldyUITests.swift; sourceTree = "<group>"; };
		8CE0DF44236E390C007ED103 /* Info.plist */ = {isa = PBXFileReference; lastKnownFileType = text.plist.xml; path = Info.plist; sourceTree = "<group>"; };
		8CE0DF54236E55B6007ED103 /* GoogleService-Info.plist */ = {isa = PBXFileReference; fileEncoding = 4; lastKnownFileType = text.plist.xml; name = "GoogleService-Info.plist"; path = "../../../Downloads/GoogleService-Info.plist"; sourceTree = "<group>"; };
		95C18A1A37C4013344478E65 /* Pods-Eldy-EldyUITests.release.xcconfig */ = {isa = PBXFileReference; includeInIndex = 1; lastKnownFileType = text.xcconfig; name = "Pods-Eldy-EldyUITests.release.xcconfig"; path = "Target Support Files/Pods-Eldy-EldyUITests/Pods-Eldy-EldyUITests.release.xcconfig"; sourceTree = "<group>"; };
		A43B82EA7906A525997CD476 /* Pods-EldyTests.debug.xcconfig */ = {isa = PBXFileReference; includeInIndex = 1; lastKnownFileType = text.xcconfig; name = "Pods-EldyTests.debug.xcconfig"; path = "Target Support Files/Pods-EldyTests/Pods-EldyTests.debug.xcconfig"; sourceTree = "<group>"; };
		C5D014276E1F6A8BE2E5B79E /* Pods-Eldy.release.xcconfig */ = {isa = PBXFileReference; includeInIndex = 1; lastKnownFileType = text.xcconfig; name = "Pods-Eldy.release.xcconfig"; path = "Target Support Files/Pods-Eldy/Pods-Eldy.release.xcconfig"; sourceTree = "<group>"; };
		C8A1D80C3297E2F2450C00A8 /* Pods_EldyTests.framework */ = {isa = PBXFileReference; explicitFileType = wrapper.framework; includeInIndex = 0; path = Pods_EldyTests.framework; sourceTree = BUILT_PRODUCTS_DIR; };
		CA2DDA0AD7B2DE2FF9EA0B66 /* Pods_Eldy.framework */ = {isa = PBXFileReference; explicitFileType = wrapper.framework; includeInIndex = 0; path = Pods_Eldy.framework; sourceTree = BUILT_PRODUCTS_DIR; };
		DFDCEEFA12019E98B18FA428 /* Pods-Eldy.debug.xcconfig */ = {isa = PBXFileReference; includeInIndex = 1; lastKnownFileType = text.xcconfig; name = "Pods-Eldy.debug.xcconfig"; path = "Target Support Files/Pods-Eldy/Pods-Eldy.debug.xcconfig"; sourceTree = "<group>"; };
		F71BFF0393A583E52F34BD42 /* Pods-Eldy-EldyUITests.debug.xcconfig */ = {isa = PBXFileReference; includeInIndex = 1; lastKnownFileType = text.xcconfig; name = "Pods-Eldy-EldyUITests.debug.xcconfig"; path = "Target Support Files/Pods-Eldy-EldyUITests/Pods-Eldy-EldyUITests.debug.xcconfig"; sourceTree = "<group>"; };
/* End PBXFileReference section */

/* Begin PBXFrameworksBuildPhase section */
		8CE0DF1A236E3908007ED103 /* Frameworks */ = {
			isa = PBXFrameworksBuildPhase;
			buildActionMask = 2147483647;
			files = (
				F3AB89487601C791B007DECE /* Pods_Eldy.framework in Frameworks */,
			);
			runOnlyForDeploymentPostprocessing = 0;
		};
		8CE0DF30236E390C007ED103 /* Frameworks */ = {
			isa = PBXFrameworksBuildPhase;
			buildActionMask = 2147483647;
			files = (
				D46C5097A6DEE36E35867973 /* Pods_EldyTests.framework in Frameworks */,
			);
			runOnlyForDeploymentPostprocessing = 0;
		};
		8CE0DF3B236E390C007ED103 /* Frameworks */ = {
			isa = PBXFrameworksBuildPhase;
			buildActionMask = 2147483647;
			files = (
				F4AE428EE515C57F8A24F4B1 /* Pods_Eldy_EldyUITests.framework in Frameworks */,
			);
			runOnlyForDeploymentPostprocessing = 0;
		};
/* End PBXFrameworksBuildPhase section */

/* Begin PBXGroup section */
		8C2F99A4236E648C00777492 /* View Controllers */ = {
			isa = PBXGroup;
			children = (
				8C2F99A2236E647200777492 /* LoginViewController.swift */,
				8C2F99A0236E645E00777492 /* RegisterViewController.swift */,
				8C2F99A5236E6CC800777492 /* HomeViewController.swift */,
			);
			path = "View Controllers";
			sourceTree = "<group>";
		};
		8CC76719236EACCA00787DC2 /* Helpers */ = {
			isa = PBXGroup;
			children = (
				8CC7671A236EACDF00787DC2 /* Constants.swift */,
			);
			path = Helpers;
			sourceTree = "<group>";
		};
		8CE0DF14236E3908007ED103 = {
			isa = PBXGroup;
			children = (
				8CE0DF1F236E3908007ED103 /* Eldy */,
				8CE0DF36236E390C007ED103 /* EldyTests */,
				8CE0DF41236E390C007ED103 /* EldyUITests */,
				8CE0DF1E236E3908007ED103 /* Products */,
				9BB2D93DA315B92360257578 /* Pods */,
				D0CAD78621DEBC8E7426DC9E /* Frameworks */,
			);
			sourceTree = "<group>";
		};
		8CE0DF1E236E3908007ED103 /* Products */ = {
			isa = PBXGroup;
			children = (
				8CE0DF1D236E3908007ED103 /* Eldy.app */,
				8CE0DF33236E390C007ED103 /* EldyTests.xctest */,
				8CE0DF3E236E390C007ED103 /* EldyUITests.xctest */,
			);
			name = Products;
			sourceTree = "<group>";
		};
		8CE0DF1F236E3908007ED103 /* Eldy */ = {
			isa = PBXGroup;
			children = (
				8CC76719236EACCA00787DC2 /* Helpers */,
				8C2F99A4236E648C00777492 /* View Controllers */,
				8CE0DF20236E3908007ED103 /* AppDelegate.swift */,
				8CE0DF22236E3908007ED103 /* SceneDelegate.swift */,
				8CE0DF24236E3908007ED103 /* ViewController.swift */,
				8CE0DF26236E3908007ED103 /* Main.storyboard */,
				8CE0DF29236E390C007ED103 /* Assets.xcassets */,
				8CC7671C236EB5B100787DC2 /* background.jpg */,
				8CC76713236E8CED00787DC2 /* old.png */,
				8CE0DF2B236E390C007ED103 /* LaunchScreen.storyboard */,
				8CE0DF54236E55B6007ED103 /* GoogleService-Info.plist */,
				8CE0DF2E236E390C007ED103 /* Info.plist */,
				8CC76717236E900800787DC2 /* icon.png */,
			);
			path = Eldy;
			sourceTree = "<group>";
		};
		8CE0DF36236E390C007ED103 /* EldyTests */ = {
			isa = PBXGroup;
			children = (
				8CE0DF37236E390C007ED103 /* EldyTests.swift */,
				8CE0DF39236E390C007ED103 /* Info.plist */,
			);
			path = EldyTests;
			sourceTree = "<group>";
		};
		8CE0DF41236E390C007ED103 /* EldyUITests */ = {
			isa = PBXGroup;
			children = (
				8CE0DF42236E390C007ED103 /* EldyUITests.swift */,
				8CE0DF44236E390C007ED103 /* Info.plist */,
			);
			path = EldyUITests;
			sourceTree = "<group>";
		};
		9BB2D93DA315B92360257578 /* Pods */ = {
			isa = PBXGroup;
			children = (
				DFDCEEFA12019E98B18FA428 /* Pods-Eldy.debug.xcconfig */,
				C5D014276E1F6A8BE2E5B79E /* Pods-Eldy.release.xcconfig */,
				F71BFF0393A583E52F34BD42 /* Pods-Eldy-EldyUITests.debug.xcconfig */,
				95C18A1A37C4013344478E65 /* Pods-Eldy-EldyUITests.release.xcconfig */,
				A43B82EA7906A525997CD476 /* Pods-EldyTests.debug.xcconfig */,
				2601283BDEC153B6B288CA78 /* Pods-EldyTests.release.xcconfig */,
			);
			path = Pods;
			sourceTree = "<group>";
		};
		D0CAD78621DEBC8E7426DC9E /* Frameworks */ = {
			isa = PBXGroup;
			children = (
				CA2DDA0AD7B2DE2FF9EA0B66 /* Pods_Eldy.framework */,
				4D54E4A83521C46F3C29E398 /* Pods_Eldy_EldyUITests.framework */,
				C8A1D80C3297E2F2450C00A8 /* Pods_EldyTests.framework */,
			);
			name = Frameworks;
			sourceTree = "<group>";
		};
/* End PBXGroup section */

/* Begin PBXNativeTarget section */
		8CE0DF1C236E3908007ED103 /* Eldy */ = {
			isa = PBXNativeTarget;
			buildConfigurationList = 8CE0DF47236E390C007ED103 /* Build configuration list for PBXNativeTarget "Eldy" */;
			buildPhases = (
				FB37FC0C2CAB0307F9D5140B /* [CP] Check Pods Manifest.lock */,
				8CE0DF19236E3908007ED103 /* Sources */,
				8CE0DF1A236E3908007ED103 /* Frameworks */,
				8CE0DF1B236E3908007ED103 /* Resources */,
				3E5E9CAD5C1E16112971B122 /* [CP] Embed Pods Frameworks */,
				0A612AA12D6F30EDC4284711 /* [CP] Copy Pods Resources */,
			);
			buildRules = (
			);
			dependencies = (
			);
			name = Eldy;
			productName = Eldy;
			productReference = 8CE0DF1D236E3908007ED103 /* Eldy.app */;
			productType = "com.apple.product-type.application";
		};
		8CE0DF32236E390C007ED103 /* EldyTests */ = {
			isa = PBXNativeTarget;
			buildConfigurationList = 8CE0DF4A236E390C007ED103 /* Build configuration list for PBXNativeTarget "EldyTests" */;
			buildPhases = (
				9D818D830F0E575C1DF8F958 /* [CP] Check Pods Manifest.lock */,
				8CE0DF2F236E390C007ED103 /* Sources */,
				8CE0DF30236E390C007ED103 /* Frameworks */,
				8CE0DF31236E390C007ED103 /* Resources */,
			);
			buildRules = (
			);
			dependencies = (
				8CE0DF35236E390C007ED103 /* PBXTargetDependency */,
			);
			name = EldyTests;
			productName = EldyTests;
			productReference = 8CE0DF33236E390C007ED103 /* EldyTests.xctest */;
			productType = "com.apple.product-type.bundle.unit-test";
		};
		8CE0DF3D236E390C007ED103 /* EldyUITests */ = {
			isa = PBXNativeTarget;
			buildConfigurationList = 8CE0DF4D236E390C007ED103 /* Build configuration list for PBXNativeTarget "EldyUITests" */;
			buildPhases = (
				9F2E406E93674576055FE1FC /* [CP] Check Pods Manifest.lock */,
				8CE0DF3A236E390C007ED103 /* Sources */,
				8CE0DF3B236E390C007ED103 /* Frameworks */,
				8CE0DF3C236E390C007ED103 /* Resources */,
				AB5C35FE63F83C2DD8BD5AE1 /* [CP] Embed Pods Frameworks */,
				3CDC08DFC55CC1BFC451D012 /* [CP] Copy Pods Resources */,
			);
			buildRules = (
			);
			dependencies = (
				8CE0DF40236E390C007ED103 /* PBXTargetDependency */,
			);
			name = EldyUITests;
			productName = EldyUITests;
			productReference = 8CE0DF3E236E390C007ED103 /* EldyUITests.xctest */;
			productType = "com.apple.product-type.bundle.ui-testing";
		};
/* End PBXNativeTarget section */

/* Begin PBXProject section */
		8CE0DF15236E3908007ED103 /* Project object */ = {
			isa = PBXProject;
			attributes = {
				LastSwiftUpdateCheck = 1110;
				LastUpgradeCheck = 1110;
				ORGANIZATIONNAME = "Dee Gao";
				TargetAttributes = {
					8CE0DF1C236E3908007ED103 = {
						CreatedOnToolsVersion = 11.1;
					};
					8CE0DF32236E390C007ED103 = {
						CreatedOnToolsVersion = 11.1;
						TestTargetID = 8CE0DF1C236E3908007ED103;
					};
					8CE0DF3D236E390C007ED103 = {
						CreatedOnToolsVersion = 11.1;
						TestTargetID = 8CE0DF1C236E3908007ED103;
					};
				};
			};
			buildConfigurationList = 8CE0DF18236E3908007ED103 /* Build configuration list for PBXProject "Eldy" */;
			compatibilityVersion = "Xcode 9.3";
			developmentRegion = en;
			hasScannedForEncodings = 0;
			knownRegions = (
				en,
				Base,
			);
			mainGroup = 8CE0DF14236E3908007ED103;
			productRefGroup = 8CE0DF1E236E3908007ED103 /* Products */;
			projectDirPath = "";
			projectRoot = "";
			targets = (
				8CE0DF1C236E3908007ED103 /* Eldy */,
				8CE0DF32236E390C007ED103 /* EldyTests */,
				8CE0DF3D236E390C007ED103 /* EldyUITests */,
			);
		};
/* End PBXProject section */

/* Begin PBXResourcesBuildPhase section */
		8CE0DF1B236E3908007ED103 /* Resources */ = {
			isa = PBXResourcesBuildPhase;
			buildActionMask = 2147483647;
			files = (
				8CE0DF2D236E390C007ED103 /* LaunchScreen.storyboard in Resources */,
				8CE0DF55236E55B6007ED103 /* GoogleService-Info.plist in Resources */,
				8CC7671D236EB5B200787DC2 /* background.jpg in Resources */,
				8CC76718236E900800787DC2 /* icon.png in Resources */,
				8CC76714236E8CED00787DC2 /* old.png in Resources */,
				8CE0DF2A236E390C007ED103 /* Assets.xcassets in Resources */,
				8CE0DF28236E3908007ED103 /* Main.storyboard in Resources */,
			);
			runOnlyForDeploymentPostprocessing = 0;
		};
		8CE0DF31236E390C007ED103 /* Resources */ = {
			isa = PBXResourcesBuildPhase;
			buildActionMask = 2147483647;
			files = (
			);
			runOnlyForDeploymentPostprocessing = 0;
		};
		8CE0DF3C236E390C007ED103 /* Resources */ = {
			isa = PBXResourcesBuildPhase;
			buildActionMask = 2147483647;
			files = (
			);
			runOnlyForDeploymentPostprocessing = 0;
		};
/* End PBXResourcesBuildPhase section */

/* Begin PBXShellScriptBuildPhase section */
		0A612AA12D6F30EDC4284711 /* [CP] Copy Pods Resources */ = {
			isa = PBXShellScriptBuildPhase;
			buildActionMask = 2147483647;
			files = (
			);
			inputFileListPaths = (
				"${PODS_ROOT}/Target Support Files/Pods-Eldy/Pods-Eldy-resources-${CONFIGURATION}-input-files.xcfilelist",
			);
			name = "[CP] Copy Pods Resources";
			outputFileListPaths = (
				"${PODS_ROOT}/Target Support Files/Pods-Eldy/Pods-Eldy-resources-${CONFIGURATION}-output-files.xcfilelist",
			);
			runOnlyForDeploymentPostprocessing = 0;
			shellPath = /bin/sh;
			shellScript = "\"${PODS_ROOT}/Target Support Files/Pods-Eldy/Pods-Eldy-resources.sh\"\n";
			showEnvVarsInLog = 0;
		};
		3CDC08DFC55CC1BFC451D012 /* [CP] Copy Pods Resources */ = {
			isa = PBXShellScriptBuildPhase;
			buildActionMask = 2147483647;
			files = (
			);
			inputFileListPaths = (
				"${PODS_ROOT}/Target Support Files/Pods-Eldy-EldyUITests/Pods-Eldy-EldyUITests-resources-${CONFIGURATION}-input-files.xcfilelist",
			);
			name = "[CP] Copy Pods Resources";
			outputFileListPaths = (
				"${PODS_ROOT}/Target Support Files/Pods-Eldy-EldyUITests/Pods-Eldy-EldyUITests-resources-${CONFIGURATION}-output-files.xcfilelist",
			);
			runOnlyForDeploymentPostprocessing = 0;
			shellPath = /bin/sh;
			shellScript = "\"${PODS_ROOT}/Target Support Files/Pods-Eldy-EldyUITests/Pods-Eldy-EldyUITests-resources.sh\"\n";
			showEnvVarsInLog = 0;
		};
		3E5E9CAD5C1E16112971B122 /* [CP] Embed Pods Frameworks */ = {
			isa = PBXShellScriptBuildPhase;
			buildActionMask = 2147483647;
			files = (
			);
			inputFileListPaths = (
				"${PODS_ROOT}/Target Support Files/Pods-Eldy/Pods-Eldy-frameworks-${CONFIGURATION}-input-files.xcfilelist",
			);
			name = "[CP] Embed Pods Frameworks";
			outputFileListPaths = (
				"${PODS_ROOT}/Target Support Files/Pods-Eldy/Pods-Eldy-frameworks-${CONFIGURATION}-output-files.xcfilelist",
			);
			runOnlyForDeploymentPostprocessing = 0;
			shellPath = /bin/sh;
			shellScript = "\"${PODS_ROOT}/Target Support Files/Pods-Eldy/Pods-Eldy-frameworks.sh\"\n";
			showEnvVarsInLog = 0;
		};
		9D818D830F0E575C1DF8F958 /* [CP] Check Pods Manifest.lock */ = {
			isa = PBXShellScriptBuildPhase;
			buildActionMask = 2147483647;
			files = (
			);
			inputFileListPaths = (
			);
			inputPaths = (
				"${PODS_PODFILE_DIR_PATH}/Podfile.lock",
				"${PODS_ROOT}/Manifest.lock",
			);
			name = "[CP] Check Pods Manifest.lock";
			outputFileListPaths = (
			);
			outputPaths = (
				"$(DERIVED_FILE_DIR)/Pods-EldyTests-checkManifestLockResult.txt",
			);
			runOnlyForDeploymentPostprocessing = 0;
			shellPath = /bin/sh;
			shellScript = "diff \"${PODS_PODFILE_DIR_PATH}/Podfile.lock\" \"${PODS_ROOT}/Manifest.lock\" > /dev/null\nif [ $? != 0 ] ; then\n    # print error to STDERR\n    echo \"error: The sandbox is not in sync with the Podfile.lock. Run 'pod install' or update your CocoaPods installation.\" >&2\n    exit 1\nfi\n# This output is used by Xcode 'outputs' to avoid re-running this script phase.\necho \"SUCCESS\" > \"${SCRIPT_OUTPUT_FILE_0}\"\n";
			showEnvVarsInLog = 0;
		};
		9F2E406E93674576055FE1FC /* [CP] Check Pods Manifest.lock */ = {
			isa = PBXShellScriptBuildPhase;
			buildActionMask = 2147483647;
			files = (
			);
			inputFileListPaths = (
			);
			inputPaths = (
				"${PODS_PODFILE_DIR_PATH}/Podfile.lock",
				"${PODS_ROOT}/Manifest.lock",
			);
			name = "[CP] Check Pods Manifest.lock";
			outputFileListPaths = (
			);
			outputPaths = (
				"$(DERIVED_FILE_DIR)/Pods-Eldy-EldyUITests-checkManifestLockResult.txt",
			);
			runOnlyForDeploymentPostprocessing = 0;
			shellPath = /bin/sh;
			shellScript = "diff \"${PODS_PODFILE_DIR_PATH}/Podfile.lock\" \"${PODS_ROOT}/Manifest.lock\" > /dev/null\nif [ $? != 0 ] ; then\n    # print error to STDERR\n    echo \"error: The sandbox is not in sync with the Podfile.lock. Run 'pod install' or update your CocoaPods installation.\" >&2\n    exit 1\nfi\n# This output is used by Xcode 'outputs' to avoid re-running this script phase.\necho \"SUCCESS\" > \"${SCRIPT_OUTPUT_FILE_0}\"\n";
			showEnvVarsInLog = 0;
		};
		AB5C35FE63F83C2DD8BD5AE1 /* [CP] Embed Pods Frameworks */ = {
			isa = PBXShellScriptBuildPhase;
			buildActionMask = 2147483647;
			files = (
			);
			inputFileListPaths = (
				"${PODS_ROOT}/Target Support Files/Pods-Eldy-EldyUITests/Pods-Eldy-EldyUITests-frameworks-${CONFIGURATION}-input-files.xcfilelist",
			);
			name = "[CP] Embed Pods Frameworks";
			outputFileListPaths = (
				"${PODS_ROOT}/Target Support Files/Pods-Eldy-EldyUITests/Pods-Eldy-EldyUITests-frameworks-${CONFIGURATION}-output-files.xcfilelist",
			);
			runOnlyForDeploymentPostprocessing = 0;
			shellPath = /bin/sh;
			shellScript = "\"${PODS_ROOT}/Target Support Files/Pods-Eldy-EldyUITests/Pods-Eldy-EldyUITests-frameworks.sh\"\n";
			showEnvVarsInLog = 0;
		};
		FB37FC0C2CAB0307F9D5140B /* [CP] Check Pods Manifest.lock */ = {
			isa = PBXShellScriptBuildPhase;
			buildActionMask = 2147483647;
			files = (
			);
			inputFileListPaths = (
			);
			inputPaths = (
				"${PODS_PODFILE_DIR_PATH}/Podfile.lock",
				"${PODS_ROOT}/Manifest.lock",
			);
			name = "[CP] Check Pods Manifest.lock";
			outputFileListPaths = (
			);
			outputPaths = (
				"$(DERIVED_FILE_DIR)/Pods-Eldy-checkManifestLockResult.txt",
			);
			runOnlyForDeploymentPostprocessing = 0;
			shellPath = /bin/sh;
			shellScript = "diff \"${PODS_PODFILE_DIR_PATH}/Podfile.lock\" \"${PODS_ROOT}/Manifest.lock\" > /dev/null\nif [ $? != 0 ] ; then\n    # print error to STDERR\n    echo \"error: The sandbox is not in sync with the Podfile.lock. Run 'pod install' or update your CocoaPods installation.\" >&2\n    exit 1\nfi\n# This output is used by Xcode 'outputs' to avoid re-running this script phase.\necho \"SUCCESS\" > \"${SCRIPT_OUTPUT_FILE_0}\"\n";
			showEnvVarsInLog = 0;
		};
/* End PBXShellScriptBuildPhase section */

/* Begin PBXSourcesBuildPhase section */
		8CE0DF19236E3908007ED103 /* Sources */ = {
			isa = PBXSourcesBuildPhase;
			buildActionMask = 2147483647;
			files = (
				8CE0DF25236E3908007ED103 /* ViewController.swift in Sources */,
				8CE0DF21236E3908007ED103 /* AppDelegate.swift in Sources */,
				8CE0DF23236E3908007ED103 /* SceneDelegate.swift in Sources */,
				8C2F99A3236E647200777492 /* LoginViewController.swift in Sources */,
				8CC7671B236EACE000787DC2 /* Constants.swift in Sources */,
				8C2F99A1236E645E00777492 /* RegisterViewController.swift in Sources */,
				8C2F99A6236E6CC800777492 /* HomeViewController.swift in Sources */,
			);
			runOnlyForDeploymentPostprocessing = 0;
		};
		8CE0DF2F236E390C007ED103 /* Sources */ = {
			isa = PBXSourcesBuildPhase;
			buildActionMask = 2147483647;
			files = (
				8CE0DF38236E390C007ED103 /* EldyTests.swift in Sources */,
			);
			runOnlyForDeploymentPostprocessing = 0;
		};
		8CE0DF3A236E390C007ED103 /* Sources */ = {
			isa = PBXSourcesBuildPhase;
			buildActionMask = 2147483647;
			files = (
				8CE0DF43236E390C007ED103 /* EldyUITests.swift in Sources */,
			);
			runOnlyForDeploymentPostprocessing = 0;
		};
/* End PBXSourcesBuildPhase section */

/* Begin PBXTargetDependency section */
		8CE0DF35236E390C007ED103 /* PBXTargetDependency */ = {
			isa = PBXTargetDependency;
			target = 8CE0DF1C236E3908007ED103 /* Eldy */;
			targetProxy = 8CE0DF34236E390C007ED103 /* PBXContainerItemProxy */;
		};
		8CE0DF40236E390C007ED103 /* PBXTargetDependency */ = {
			isa = PBXTargetDependency;
			target = 8CE0DF1C236E3908007ED103 /* Eldy */;
			targetProxy = 8CE0DF3F236E390C007ED103 /* PBXContainerItemProxy */;
		};
/* End PBXTargetDependency section */

/* Begin PBXVariantGroup section */
		8CE0DF26236E3908007ED103 /* Main.storyboard */ = {
			isa = PBXVariantGroup;
			children = (
				8CE0DF27236E3908007ED103 /* Base */,
			);
			name = Main.storyboard;
			sourceTree = "<group>";
		};
		8CE0DF2B236E390C007ED103 /* LaunchScreen.storyboard */ = {
			isa = PBXVariantGroup;
			children = (
				8CE0DF2C236E390C007ED103 /* Base */,
			);
			name = LaunchScreen.storyboard;
			sourceTree = "<group>";
		};
/* End PBXVariantGroup section */

/* Begin XCBuildConfiguration section */
		8CE0DF45236E390C007ED103 /* Debug */ = {
			isa = XCBuildConfiguration;
			buildSettings = {
				ALWAYS_SEARCH_USER_PATHS = NO;
				CLANG_ANALYZER_NONNULL = YES;
				CLANG_ANALYZER_NUMBER_OBJECT_CONVERSION = YES_AGGRESSIVE;
				CLANG_CXX_LANGUAGE_STANDARD = "gnu++14";
				CLANG_CXX_LIBRARY = "libc++";
				CLANG_ENABLE_MODULES = YES;
				CLANG_ENABLE_OBJC_ARC = YES;
				CLANG_ENABLE_OBJC_WEAK = YES;
				CLANG_WARN_BLOCK_CAPTURE_AUTORELEASING = YES;
				CLANG_WARN_BOOL_CONVERSION = YES;
				CLANG_WARN_COMMA = YES;
				CLANG_WARN_CONSTANT_CONVERSION = YES;
				CLANG_WARN_DEPRECATED_OBJC_IMPLEMENTATIONS = YES;
				CLANG_WARN_DIRECT_OBJC_ISA_USAGE = YES_ERROR;
				CLANG_WARN_DOCUMENTATION_COMMENTS = YES;
				CLANG_WARN_EMPTY_BODY = YES;
				CLANG_WARN_ENUM_CONVERSION = YES;
				CLANG_WARN_INFINITE_RECURSION = YES;
				CLANG_WARN_INT_CONVERSION = YES;
				CLANG_WARN_NON_LITERAL_NULL_CONVERSION = YES;
				CLANG_WARN_OBJC_IMPLICIT_RETAIN_SELF = YES;
				CLANG_WARN_OBJC_LITERAL_CONVERSION = YES;
				CLANG_WARN_OBJC_ROOT_CLASS = YES_ERROR;
				CLANG_WARN_RANGE_LOOP_ANALYSIS = YES;
				CLANG_WARN_STRICT_PROTOTYPES = YES;
				CLANG_WARN_SUSPICIOUS_MOVE = YES;
				CLANG_WARN_UNGUARDED_AVAILABILITY = YES_AGGRESSIVE;
				CLANG_WARN_UNREACHABLE_CODE = YES;
				CLANG_WARN__DUPLICATE_METHOD_MATCH = YES;
				COPY_PHASE_STRIP = NO;
				DEBUG_INFORMATION_FORMAT = dwarf;
				ENABLE_STRICT_OBJC_MSGSEND = YES;
				ENABLE_TESTABILITY = YES;
				GCC_C_LANGUAGE_STANDARD = gnu11;
				GCC_DYNAMIC_NO_PIC = NO;
				GCC_NO_COMMON_BLOCKS = YES;
				GCC_OPTIMIZATION_LEVEL = 0;
				GCC_PREPROCESSOR_DEFINITIONS = (
					"DEBUG=1",
					"$(inherited)",
				);
				GCC_WARN_64_TO_32_BIT_CONVERSION = YES;
				GCC_WARN_ABOUT_RETURN_TYPE = YES_ERROR;
				GCC_WARN_UNDECLARED_SELECTOR = YES;
				GCC_WARN_UNINITIALIZED_AUTOS = YES_AGGRESSIVE;
				GCC_WARN_UNUSED_FUNCTION = YES;
				GCC_WARN_UNUSED_VARIABLE = YES;
				IPHONEOS_DEPLOYMENT_TARGET = 13.1;
				MTL_ENABLE_DEBUG_INFO = INCLUDE_SOURCE;
				MTL_FAST_MATH = YES;
				ONLY_ACTIVE_ARCH = YES;
				SDKROOT = iphoneos;
				SWIFT_ACTIVE_COMPILATION_CONDITIONS = DEBUG;
				SWIFT_OPTIMIZATION_LEVEL = "-Onone";
			};
			name = Debug;
		};
		8CE0DF46236E390C007ED103 /* Release */ = {
			isa = XCBuildConfiguration;
			buildSettings = {
				ALWAYS_SEARCH_USER_PATHS = NO;
				CLANG_ANALYZER_NONNULL = YES;
				CLANG_ANALYZER_NUMBER_OBJECT_CONVERSION = YES_AGGRESSIVE;
				CLANG_CXX_LANGUAGE_STANDARD = "gnu++14";
				CLANG_CXX_LIBRARY = "libc++";
				CLANG_ENABLE_MODULES = YES;
				CLANG_ENABLE_OBJC_ARC = YES;
				CLANG_ENABLE_OBJC_WEAK = YES;
				CLANG_WARN_BLOCK_CAPTURE_AUTORELEASING = YES;
				CLANG_WARN_BOOL_CONVERSION = YES;
				CLANG_WARN_COMMA = YES;
				CLANG_WARN_CONSTANT_CONVERSION = YES;
				CLANG_WARN_DEPRECATED_OBJC_IMPLEMENTATIONS = YES;
				CLANG_WARN_DIRECT_OBJC_ISA_USAGE = YES_ERROR;
				CLANG_WARN_DOCUMENTATION_COMMENTS = YES;
				CLANG_WARN_EMPTY_BODY = YES;
				CLANG_WARN_ENUM_CONVERSION = YES;
				CLANG_WARN_INFINITE_RECURSION = YES;
				CLANG_WARN_INT_CONVERSION = YES;
				CLANG_WARN_NON_LITERAL_NULL_CONVERSION = YES;
				CLANG_WARN_OBJC_IMPLICIT_RETAIN_SELF = YES;
				CLANG_WARN_OBJC_LITERAL_CONVERSION = YES;
				CLANG_WARN_OBJC_ROOT_CLASS = YES_ERROR;
				CLANG_WARN_RANGE_LOOP_ANALYSIS = YES;
				CLANG_WARN_STRICT_PROTOTYPES = YES;
				CLANG_WARN_SUSPICIOUS_MOVE = YES;
				CLANG_WARN_UNGUARDED_AVAILABILITY = YES_AGGRESSIVE;
				CLANG_WARN_UNREACHABLE_CODE = YES;
				CLANG_WARN__DUPLICATE_METHOD_MATCH = YES;
				COPY_PHASE_STRIP = NO;
				DEBUG_INFORMATION_FORMAT = "dwarf-with-dsym";
				ENABLE_NS_ASSERTIONS = NO;
				ENABLE_STRICT_OBJC_MSGSEND = YES;
				GCC_C_LANGUAGE_STANDARD = gnu11;
				GCC_NO_COMMON_BLOCKS = YES;
				GCC_WARN_64_TO_32_BIT_CONVERSION = YES;
				GCC_WARN_ABOUT_RETURN_TYPE = YES_ERROR;
				GCC_WARN_UNDECLARED_SELECTOR = YES;
				GCC_WARN_UNINITIALIZED_AUTOS = YES_AGGRESSIVE;
				GCC_WARN_UNUSED_FUNCTION = YES;
				GCC_WARN_UNUSED_VARIABLE = YES;
				IPHONEOS_DEPLOYMENT_TARGET = 13.1;
				MTL_ENABLE_DEBUG_INFO = NO;
				MTL_FAST_MATH = YES;
				SDKROOT = iphoneos;
				SWIFT_COMPILATION_MODE = wholemodule;
				SWIFT_OPTIMIZATION_LEVEL = "-O";
				VALIDATE_PRODUCT = YES;
			};
			name = Release;
		};
		8CE0DF48236E390C007ED103 /* Debug */ = {
			isa = XCBuildConfiguration;
			baseConfigurationReference = DFDCEEFA12019E98B18FA428 /* Pods-Eldy.debug.xcconfig */;
			buildSettings = {
				ASSETCATALOG_COMPILER_APPICON_NAME = AppIcon;
				CODE_SIGN_STYLE = Automatic;
				INFOPLIST_FILE = Eldy/Info.plist;
				LD_RUNPATH_SEARCH_PATHS = (
					"$(inherited)",
					"@executable_path/Frameworks",
				);
				PRODUCT_BUNDLE_IDENTIFIER = com.ubhacking.Eldy;
				PRODUCT_NAME = "$(TARGET_NAME)";
				SWIFT_VERSION = 5.0;
				TARGETED_DEVICE_FAMILY = "1,2";
			};
			name = Debug;
		};
		8CE0DF49236E390C007ED103 /* Release */ = {
			isa = XCBuildConfiguration;
			baseConfigurationReference = C5D014276E1F6A8BE2E5B79E /* Pods-Eldy.release.xcconfig */;
			buildSettings = {
				ASSETCATALOG_COMPILER_APPICON_NAME = AppIcon;
				CODE_SIGN_STYLE = Automatic;
				INFOPLIST_FILE = Eldy/Info.plist;
				LD_RUNPATH_SEARCH_PATHS = (
					"$(inherited)",
					"@executable_path/Frameworks",
				);
				PRODUCT_BUNDLE_IDENTIFIER = com.ubhacking.Eldy;
				PRODUCT_NAME = "$(TARGET_NAME)";
				SWIFT_VERSION = 5.0;
				TARGETED_DEVICE_FAMILY = "1,2";
			};
			name = Release;
		};
		8CE0DF4B236E390C007ED103 /* Debug */ = {
			isa = XCBuildConfiguration;
			baseConfigurationReference = A43B82EA7906A525997CD476 /* Pods-EldyTests.debug.xcconfig */;
			buildSettings = {
				ALWAYS_EMBED_SWIFT_STANDARD_LIBRARIES = YES;
				BUNDLE_LOADER = "$(TEST_HOST)";
				CODE_SIGN_STYLE = Automatic;
				INFOPLIST_FILE = EldyTests/Info.plist;
				IPHONEOS_DEPLOYMENT_TARGET = 13.1;
				LD_RUNPATH_SEARCH_PATHS = (
					"$(inherited)",
					"@executable_path/Frameworks",
					"@loader_path/Frameworks",
				);
				PRODUCT_BUNDLE_IDENTIFIER = com.ubhacking.EldyTests;
				PRODUCT_NAME = "$(TARGET_NAME)";
				SWIFT_VERSION = 5.0;
				TARGETED_DEVICE_FAMILY = "1,2";
				TEST_HOST = "$(BUILT_PRODUCTS_DIR)/Eldy.app/Eldy";
			};
			name = Debug;
		};
		8CE0DF4C236E390C007ED103 /* Release */ = {
			isa = XCBuildConfiguration;
			baseConfigurationReference = 2601283BDEC153B6B288CA78 /* Pods-EldyTests.release.xcconfig */;
			buildSettings = {
				ALWAYS_EMBED_SWIFT_STANDARD_LIBRARIES = YES;
				BUNDLE_LOADER = "$(TEST_HOST)";
				CODE_SIGN_STYLE = Automatic;
				INFOPLIST_FILE = EldyTests/Info.plist;
				IPHONEOS_DEPLOYMENT_TARGET = 13.1;
				LD_RUNPATH_SEARCH_PATHS = (
					"$(inherited)",
					"@executable_path/Frameworks",
					"@loader_path/Frameworks",
				);
				PRODUCT_BUNDLE_IDENTIFIER = com.ubhacking.EldyTests;
				PRODUCT_NAME = "$(TARGET_NAME)";
				SWIFT_VERSION = 5.0;
				TARGETED_DEVICE_FAMILY = "1,2";
				TEST_HOST = "$(BUILT_PRODUCTS_DIR)/Eldy.app/Eldy";
			};
			name = Release;
		};
		8CE0DF4E236E390C007ED103 /* Debug */ = {
			isa = XCBuildConfiguration;
			baseConfigurationReference = F71BFF0393A583E52F34BD42 /* Pods-Eldy-EldyUITests.debug.xcconfig */;
			buildSettings = {
				ALWAYS_EMBED_SWIFT_STANDARD_LIBRARIES = YES;
				CODE_SIGN_STYLE = Automatic;
				INFOPLIST_FILE = EldyUITests/Info.plist;
				LD_RUNPATH_SEARCH_PATHS = (
					"$(inherited)",
					"@executable_path/Frameworks",
					"@loader_path/Frameworks",
				);
				PRODUCT_BUNDLE_IDENTIFIER = com.ubhacking.EldyUITests;
				PRODUCT_NAME = "$(TARGET_NAME)";
				SWIFT_VERSION = 5.0;
				TARGETED_DEVICE_FAMILY = "1,2";
				TEST_TARGET_NAME = Eldy;
			};
			name = Debug;
		};
		8CE0DF4F236E390C007ED103 /* Release */ = {
			isa = XCBuildConfiguration;
			baseConfigurationReference = 95C18A1A37C4013344478E65 /* Pods-Eldy-EldyUITests.release.xcconfig */;
			buildSettings = {
				ALWAYS_EMBED_SWIFT_STANDARD_LIBRARIES = YES;
				CODE_SIGN_STYLE = Automatic;
				INFOPLIST_FILE = EldyUITests/Info.plist;
				LD_RUNPATH_SEARCH_PATHS = (
					"$(inherited)",
					"@executable_path/Frameworks",
					"@loader_path/Frameworks",
				);
				PRODUCT_BUNDLE_IDENTIFIER = com.ubhacking.EldyUITests;
				PRODUCT_NAME = "$(TARGET_NAME)";
				SWIFT_VERSION = 5.0;
				TARGETED_DEVICE_FAMILY = "1,2";
				TEST_TARGET_NAME = Eldy;
			};
			name = Release;
		};
/* End XCBuildConfiguration section */

/* Begin XCConfigurationList section */
		8CE0DF18236E3908007ED103 /* Build configuration list for PBXProject "Eldy" */ = {
			isa = XCConfigurationList;
			buildConfigurations = (
				8CE0DF45236E390C007ED103 /* Debug */,
				8CE0DF46236E390C007ED103 /* Release */,
			);
			defaultConfigurationIsVisible = 0;
			defaultConfigurationName = Release;
		};
		8CE0DF47236E390C007ED103 /* Build configuration list for PBXNativeTarget "Eldy" */ = {
			isa = XCConfigurationList;
			buildConfigurations = (
				8CE0DF48236E390C007ED103 /* Debug */,
				8CE0DF49236E390C007ED103 /* Release */,
			);
			defaultConfigurationIsVisible = 0;
			defaultConfigurationName = Release;
		};
		8CE0DF4A236E390C007ED103 /* Build configuration list for PBXNativeTarget "EldyTests" */ = {
			isa = XCConfigurationList;
			buildConfigurations = (
				8CE0DF4B236E390C007ED103 /* Debug */,
				8CE0DF4C236E390C007ED103 /* Release */,
			);
			defaultConfigurationIsVisible = 0;
			defaultConfigurationName = Release;
		};
		8CE0DF4D236E390C007ED103 /* Build configuration list for PBXNativeTarget "EldyUITests" */ = {
			isa = XCConfigurationList;
			buildConfigurations = (
				8CE0DF4E236E390C007ED103 /* Debug */,
				8CE0DF4F236E390C007ED103 /* Release */,
			);
			defaultConfigurationIsVisible = 0;
			defaultConfigurationName = Release;
		};
/* End XCConfigurationList section */
	};
	rootObject = 8CE0DF15236E3908007ED103 /* Project object */;
}
